
Microsoft Visual Studio Solution File, Format Version 12.00
# Visual Studio Version 16
VisualStudioVersion = 16.0.31911.196
MinimumVisualStudioVersion = 10.0.40219.1
Project("{9A19103F-16F7-4668-BE54-9A1E7A4F7556}") = "Coursework2.Server", "Coursework2\Server\Coursework2.Server.csproj", "{6591DBE2-4E7B-4259-AA19-AAB27E71C8DD}"
EndProject
Project("{9A19103F-16F7-4668-BE54-9A1E7A4F7556}") = "Coursework2.Client", "Coursework2\Client\Coursework2.Client.csproj", "{2F937801-7D6D-442C-A07F-4778F580C26F}"
EndProject
Project("{9A19103F-16F7-4668-BE54-9A1E7A4F7556}") = "Coursework2.Shared", "Coursework2\Shared\Coursework2.Shared.csproj", "{C5F9E407-F48A-4D3D-ADE7-1993281E25D2}"
EndProject
Global
	GlobalSection(SolutionConfigurationPlatforms) = preSolution
		Debug|Any CPU = Debug|Any CPU
		Release|Any CPU = Release|Any CPU
	EndGlobalSection
	GlobalSection(ProjectConfigurationPlatforms) = postSolution
		{6591DBE2-4E7B-4259-AA19-AAB27E71C8DD}.Debug|Any CPU.ActiveCfg = Debug|Any CPU
		{6591DBE2-4E7B-4259-AA19-AAB27E71C8DD}.Debug|Any CPU.Build.0 = Debug|Any CPU
		{6591DBE2-4E7B-4259-AA19-AAB27E71C8DD}.Release|Any CPU.ActiveCfg = Release|Any CPU
		{6591DBE2-4E7B-4259-AA19-AAB27E71C8DD}.Release|Any CPU.Build.0 = Release|Any CPU
		{2F937801-7D6D-442C-A07F-4778F580C26F}.Debug|Any CPU.ActiveCfg = Debug|Any CPU
		{2F937801-7D6D-442C-A07F-4778F580C26F}.Debug|Any CPU.Build.0 = Debug|Any CPU
		{2F937801-7D6D-442C-A07F-4778F580C26F}.Release|Any CPU.ActiveCfg = Release|Any CPU
		{2F937801-7D6D-442C-A07F-4778F580C26F}.Release|Any CPU.Build.0 = Release|Any CPU
		{C5F9E407-F48A-4D3D-ADE7-1993281E25D2}.Debug|Any CPU.ActiveCfg = Debug|Any CPU
		{C5F9E407-F48A-4D3D-ADE7-1993281E25D2}.Debug|Any CPU.Build.0 = Debug|Any CPU
		{C5F9E407-F48A-4D3D-ADE7-1993281E25D2}.Release|Any CPU.ActiveCfg = Release|Any CPU
		{C5F9E407-F48A-4D3D-ADE7-1993281E25D2}.Release|Any CPU.Build.0 = Release|Any CPU
	EndGlobalSection
	GlobalSection(SolutionProperties) = preSolution
		HideSolutionNode = FALSE
	EndGlobalSection
	GlobalSection(ExtensibilityGlobals) = postSolution
		SolutionGuid = {46FFF00F-477C-44E3-89B2-66AB09D5A42D}
	EndGlobalSection
EndGlobal
